Microsoft Visual Studio Solution File, Format Version 12.00
# Visual Studio 2012
Project("{FAE04EC0-301F-11D3-BF4B-00C04F79EFBC}") = "wylder", "wylder.csproj", "{558CC52B-53F6-4393-98FE-BF487B1EC51A}"
EndProject
Global
	GlobalSection(SolutionConfigurationPlatforms) = preSolution
	Debug|Any CPU = Debug|Any CPU
	ExportDebug|Any CPU = ExportDebug|Any CPU
	ExportRelease|Any CPU = ExportRelease|Any CPU
	EndGlobalSection
	GlobalSection(ProjectConfigurationPlatforms) = postSolution
		{558CC52B-53F6-4393-98FE-BF487B1EC51A}.Debug|Any CPU.ActiveCfg = Debug|Any CPU
		{558CC52B-53F6-4393-98FE-BF487B1EC51A}.Debug|Any CPU.Build.0 = Debug|Any CPU
		{558CC52B-53F6-4393-98FE-BF487B1EC51A}.ExportDebug|Any CPU.ActiveCfg = ExportDebug|Any CPU
		{558CC52B-53F6-4393-98FE-BF487B1EC51A}.ExportDebug|Any CPU.Build.0 = ExportDebug|Any CPU
		{558CC52B-53F6-4393-98FE-BF487B1EC51A}.ExportRelease|Any CPU.ActiveCfg = ExportRelease|Any CPU
		{558CC52B-53F6-4393-98FE-BF487B1EC51A}.ExportRelease|Any CPU.Build.0 = ExportRelease|Any CPU
	EndGlobalSection
EndGlobal
